
Microsoft Visual Studio Solution File, Format Version 12.00
# Visual Studio 14
VisualStudioVersion = 14.0.25420.1
MinimumVisualStudioVersion = 10.0.40219.1
Project("{FAE04EC0-301F-11D3-BF4B-00C04F79EFBC}") = "KodeksArmScheduler", "KodeksArmScheduler.csproj", "{021043A1-F951-4CC3-9AEA-5746DC1CF130}"
EndProject
Project("{FAE04EC0-301F-11D3-BF4B-00C04F79EFBC}") = "MutexManager", "MutexManager\MutexManager.csproj", "{CE119D2D-F9B6-4FCF-B527-40CAEAEF029C}"
EndProject
Global
	GlobalSection(SolutionConfigurationPlatforms) = preSolution
		Debug|Any CPU = Debug|Any CPU
		Release|Any CPU = Release|Any CPU
	EndGlobalSection
	GlobalSection(ProjectConfigurationPlatforms) = postSolution
		{021043A1-F951-4CC3-9AEA-5746DC1CF130}.Debug|Any CPU.ActiveCfg = Debug|Any CPU
		{021043A1-F951-4CC3-9AEA-5746DC1CF130}.Debug|Any CPU.Build.0 = Debug|Any CPU
		{021043A1-F951-4CC3-9AEA-5746DC1CF130}.Release|Any CPU.ActiveCfg = Release|Any CPU
		{021043A1-F951-4CC3-9AEA-5746DC1CF130}.Release|Any CPU.Build.0 = Release|Any CPU
		{CE119D2D-F9B6-4FCF-B527-40CAEAEF029C}.Debug|Any CPU.ActiveCfg = Debug|Any CPU
		{CE119D2D-F9B6-4FCF-B527-40CAEAEF029C}.Debug|Any CPU.Build.0 = Debug|Any CPU
		{CE119D2D-F9B6-4FCF-B527-40CAEAEF029C}.Release|Any CPU.ActiveCfg = Release|Any CPU
		{CE119D2D-F9B6-4FCF-B527-40CAEAEF029C}.Release|Any CPU.Build.0 = Release|Any CPU
	EndGlobalSection
	GlobalSection(SolutionProperties) = preSolution
		HideSolutionNode = FALSE
	EndGlobalSection
EndGlobal
